
Microsoft Visual Studio Solution File, Format Version 12.00
Project("{FAE04EC0-301F-11D3-BF4B-00C04F79EFBC}") = "Actonymous.Core.Tests", "Actonymous.Core.Tests\Actonymous.Core.Tests.csproj", "{6834D643-D1EC-4802-9C13-9A32F3A04BF6}"
EndProject
Project("{FAE04EC0-301F-11D3-BF4B-00C04F79EFBC}") = "Actonymous.Core.DAL", "Actonymous.Core.DAL\Actonymous.Core.DAL.csproj", "{25E0FC44-8281-411B-9898-709CCCBAD6E8}"
EndProject
Project("{FAE04EC0-301F-11D3-BF4B-00C04F79EFBC}") = "Actonymous.Core.Protos", "Actonymous.Core.Protos\Actonymous.Core.Protos.csproj", "{99297446-A836-4F3A-82D8-9243387E595B}"
EndProject
Project("{FAE04EC0-301F-11D3-BF4B-00C04F79EFBC}") = "Actonymous.API.Gateway", "Actonymous.API.Gateway\Actonymous.API.Gateway.csproj", "{EC3776A9-6D6C-4073-956C-F406E1D1DDDF}"
EndProject
Project("{2150E333-8FDC-42A3-9474-1A3956D46DE8}") = "API.Gateway", "API.Gateway", "{D9FE5343-09D4-4EEB-8A2E-09F64DFAF901}"
EndProject
Project("{2150E333-8FDC-42A3-9474-1A3956D46DE8}") = "APIs", "APIs", "{543B51D7-4A47-4356-ACF3-4E3F8A21B77A}"
EndProject
Project("{FAE04EC0-301F-11D3-BF4B-00C04F79EFBC}") = "Actonymous.API.Gateway.Shared", "Actonymous.API.Gateway.Shared\Actonymous.API.Gateway.Shared.csproj", "{2775E053-987D-450D-89DA-8ED75CDE5CB4}"
EndProject
Project("{2150E333-8FDC-42A3-9474-1A3956D46DE8}") = "Settings", "Settings", "{2B61DF11-DDCE-4A7C-A1A2-CF609CDC0644}"
EndProject
Project("{2150E333-8FDC-42A3-9474-1A3956D46DE8}") = "Report", "Report", "{D8DE8CF4-D134-4D9F-B791-55F59D1F71B1}"
EndProject
Project("{FAE04EC0-301F-11D3-BF4B-00C04F79EFBC}") = "Actonymous.API.Gateway.Settings.ExportReport", "Actonymous.API.Gateway.Settings.ExportReport\Actonymous.API.Gateway.Settings.ExportReport.csproj", "{E98933D0-E3C7-4DDF-8BCF-4ED2DB11B403}"
EndProject
Project("{FAE04EC0-301F-11D3-BF4B-00C04F79EFBC}") = "Actonymous.API.Gateway.Report.ReportGeneration", "Actonymous.API.Gateway.Report.ReportGeneration\Actonymous.API.Gateway.Report.ReportGeneration.csproj", "{9E009972-8005-4683-B3B5-B87060917008}"
EndProject
Project("{2150E333-8FDC-42A3-9474-1A3956D46DE8}") = "Core", "Core", "{F59DEB0B-B6B4-4F32-BA49-7FA6B40A7203}"
EndProject
Global
	GlobalSection(SolutionConfigurationPlatforms) = preSolution
		Debug|Any CPU = Debug|Any CPU
		Release|Any CPU = Release|Any CPU
	EndGlobalSection
	GlobalSection(ProjectConfigurationPlatforms) = postSolution
		{6834D643-D1EC-4802-9C13-9A32F3A04BF6}.Debug|Any CPU.ActiveCfg = Debug|Any CPU
		{6834D643-D1EC-4802-9C13-9A32F3A04BF6}.Debug|Any CPU.Build.0 = Debug|Any CPU
		{6834D643-D1EC-4802-9C13-9A32F3A04BF6}.Release|Any CPU.ActiveCfg = Release|Any CPU
		{6834D643-D1EC-4802-9C13-9A32F3A04BF6}.Release|Any CPU.Build.0 = Release|Any CPU
		{25E0FC44-8281-411B-9898-709CCCBAD6E8}.Debug|Any CPU.ActiveCfg = Debug|Any CPU
		{25E0FC44-8281-411B-9898-709CCCBAD6E8}.Debug|Any CPU.Build.0 = Debug|Any CPU
		{25E0FC44-8281-411B-9898-709CCCBAD6E8}.Release|Any CPU.ActiveCfg = Release|Any CPU
		{25E0FC44-8281-411B-9898-709CCCBAD6E8}.Release|Any CPU.Build.0 = Release|Any CPU
		{99297446-A836-4F3A-82D8-9243387E595B}.Debug|Any CPU.ActiveCfg = Debug|Any CPU
		{99297446-A836-4F3A-82D8-9243387E595B}.Debug|Any CPU.Build.0 = Debug|Any CPU
		{99297446-A836-4F3A-82D8-9243387E595B}.Release|Any CPU.ActiveCfg = Release|Any CPU
		{99297446-A836-4F3A-82D8-9243387E595B}.Release|Any CPU.Build.0 = Release|Any CPU
		{EC3776A9-6D6C-4073-956C-F406E1D1DDDF}.Debug|Any CPU.ActiveCfg = Debug|Any CPU
		{EC3776A9-6D6C-4073-956C-F406E1D1DDDF}.Debug|Any CPU.Build.0 = Debug|Any CPU
		{EC3776A9-6D6C-4073-956C-F406E1D1DDDF}.Release|Any CPU.ActiveCfg = Release|Any CPU
		{EC3776A9-6D6C-4073-956C-F406E1D1DDDF}.Release|Any CPU.Build.0 = Release|Any CPU
		{2775E053-987D-450D-89DA-8ED75CDE5CB4}.Debug|Any CPU.ActiveCfg = Debug|Any CPU
		{2775E053-987D-450D-89DA-8ED75CDE5CB4}.Debug|Any CPU.Build.0 = Debug|Any CPU
		{2775E053-987D-450D-89DA-8ED75CDE5CB4}.Release|Any CPU.ActiveCfg = Release|Any CPU
		{2775E053-987D-450D-89DA-8ED75CDE5CB4}.Release|Any CPU.Build.0 = Release|Any CPU
		{E98933D0-E3C7-4DDF-8BCF-4ED2DB11B403}.Debug|Any CPU.ActiveCfg = Debug|Any CPU
		{E98933D0-E3C7-4DDF-8BCF-4ED2DB11B403}.Debug|Any CPU.Build.0 = Debug|Any CPU
		{E98933D0-E3C7-4DDF-8BCF-4ED2DB11B403}.Release|Any CPU.ActiveCfg = Release|Any CPU
		{E98933D0-E3C7-4DDF-8BCF-4ED2DB11B403}.Release|Any CPU.Build.0 = Release|Any CPU
		{9E009972-8005-4683-B3B5-B87060917008}.Debug|Any CPU.ActiveCfg = Debug|Any CPU
		{9E009972-8005-4683-B3B5-B87060917008}.Debug|Any CPU.Build.0 = Debug|Any CPU
		{9E009972-8005-4683-B3B5-B87060917008}.Release|Any CPU.ActiveCfg = Release|Any CPU
		{9E009972-8005-4683-B3B5-B87060917008}.Release|Any CPU.Build.0 = Release|Any CPU
	EndGlobalSection
	GlobalSection(NestedProjects) = preSolution
		{543B51D7-4A47-4356-ACF3-4E3F8A21B77A} = {D9FE5343-09D4-4EEB-8A2E-09F64DFAF901}
		{2775E053-987D-450D-89DA-8ED75CDE5CB4} = {D9FE5343-09D4-4EEB-8A2E-09F64DFAF901}
		{2B61DF11-DDCE-4A7C-A1A2-CF609CDC0644} = {543B51D7-4A47-4356-ACF3-4E3F8A21B77A}
		{D8DE8CF4-D134-4D9F-B791-55F59D1F71B1} = {543B51D7-4A47-4356-ACF3-4E3F8A21B77A}
		{E98933D0-E3C7-4DDF-8BCF-4ED2DB11B403} = {2B61DF11-DDCE-4A7C-A1A2-CF609CDC0644}
		{9E009972-8005-4683-B3B5-B87060917008} = {D8DE8CF4-D134-4D9F-B791-55F59D1F71B1}
		{EC3776A9-6D6C-4073-956C-F406E1D1DDDF} = {D9FE5343-09D4-4EEB-8A2E-09F64DFAF901}
		{25E0FC44-8281-411B-9898-709CCCBAD6E8} = {F59DEB0B-B6B4-4F32-BA49-7FA6B40A7203}
		{99297446-A836-4F3A-82D8-9243387E595B} = {F59DEB0B-B6B4-4F32-BA49-7FA6B40A7203}
		{6834D643-D1EC-4802-9C13-9A32F3A04BF6} = {F59DEB0B-B6B4-4F32-BA49-7FA6B40A7203}
	EndGlobalSection
EndGlobal
